
Microsoft Visual Studio Solution File, Format Version 12.00
# Visual Studio 15
VisualStudioVersion = 15.0.27004.2005
MinimumVisualStudioVersion = 10.0.40219.1
Project("{FAE04EC0-301F-11D3-BF4B-00C04F79EFBC}") = "DnsServerCore", "DnsServerCore\DnsServerCore.csproj", "{A561CF13-FE21-40A1-BF8D-BD242304187A}"
EndProject
Project("{FAE04EC0-301F-11D3-BF4B-00C04F79EFBC}") = "DnsServerApp", "DnsServerApp\DnsServerApp.csproj", "{143D7AA6-D01A-4A13-90F5-B650BDDC8410}"
EndProject
Project("{FAE04EC0-301F-11D3-BF4B-00C04F79EFBC}") = "DnsService", "DnsService\DnsService.csproj", "{7873B2B8-01BA-48BC-B4B0-0857FFD873C9}"
EndProject
Global
	GlobalSection(SolutionConfigurationPlatforms) = preSolution
		Debug|Any CPU = Debug|Any CPU
		Release|Any CPU = Release|Any CPU
	EndGlobalSection
	GlobalSection(ProjectConfigurationPlatforms) = postSolution
		{A561CF13-FE21-40A1-BF8D-BD242304187A}.Debug|Any CPU.ActiveCfg = Debug|Any CPU
		{A561CF13-FE21-40A1-BF8D-BD242304187A}.Debug|Any CPU.Build.0 = Debug|Any CPU
		{A561CF13-FE21-40A1-BF8D-BD242304187A}.Release|Any CPU.ActiveCfg = Release|Any CPU
		{A561CF13-FE21-40A1-BF8D-BD242304187A}.Release|Any CPU.Build.0 = Release|Any CPU
		{143D7AA6-D01A-4A13-90F5-B650BDDC8410}.Debug|Any CPU.ActiveCfg = Debug|Any CPU
		{143D7AA6-D01A-4A13-90F5-B650BDDC8410}.Debug|Any CPU.Build.0 = Debug|Any CPU
		{143D7AA6-D01A-4A13-90F5-B650BDDC8410}.Release|Any CPU.ActiveCfg = Release|Any CPU
		{143D7AA6-D01A-4A13-90F5-B650BDDC8410}.Release|Any CPU.Build.0 = Release|Any CPU
		{7873B2B8-01BA-48BC-B4B0-0857FFD873C9}.Debug|Any CPU.ActiveCfg = Debug|Any CPU
		{7873B2B8-01BA-48BC-B4B0-0857FFD873C9}.Debug|Any CPU.Build.0 = Debug|Any CPU
		{7873B2B8-01BA-48BC-B4B0-0857FFD873C9}.Release|Any CPU.ActiveCfg = Release|Any CPU
		{7873B2B8-01BA-48BC-B4B0-0857FFD873C9}.Release|Any CPU.Build.0 = Release|Any CPU
	EndGlobalSection
	GlobalSection(SolutionProperties) = preSolution
		HideSolutionNode = FALSE
	EndGlobalSection
	GlobalSection(ExtensibilityGlobals) = postSolution
		SolutionGuid = {6747BB6D-2826-4356-A213-805FBCCF9201}
	EndGlobalSection
EndGlobal
