
Microsoft Visual Studio Solution File, Format Version 12.00
# Visual Studio Version 16
VisualStudioVersion = 16.0.28803.452
MinimumVisualStudioVersion = 10.0.40219.1
Project("{9A19103F-16F7-4668-BE54-9A1E7A4F7556}") = "DnsServerApp", "DnsServerApp\DnsServerApp.csproj", "{ADE80805-9FA7-4F66-8A18-57B98F8C0B0F}"
EndProject
Project("{9A19103F-16F7-4668-BE54-9A1E7A4F7556}") = "DnsServerWindowsService", "DnsServerWindowsService\DnsServerWindowsService.csproj", "{7873B2B8-01BA-48BC-B4B0-0857FFD873C9}"
EndProject
Project("{9A19103F-16F7-4668-BE54-9A1E7A4F7556}") = "DnsServerCore", "DnsServerCore\DnsServerCore.csproj", "{4494B79B-588C-41F2-95AD-0897123AF154}"
EndProject
Project("{9A19103F-16F7-4668-BE54-9A1E7A4F7556}") = "DnsServerSystemTrayApp", "DnsServerSystemTrayApp\DnsServerSystemTrayApp.csproj", "{2F91BD07-2CEE-47FA-8486-457B54612B4C}"
EndProject
Project("{9A19103F-16F7-4668-BE54-9A1E7A4F7556}") = "DnsApplicationCommon", "DnsApplicationCommon\DnsApplicationCommon.csproj", "{4ABB6715-A66F-482F-BA13-88CDFD33B2C5}"
EndProject
Project("{9A19103F-16F7-4668-BE54-9A1E7A4F7556}") = "DefaultDnsApplication", "DefaultDnsApplication\DefaultDnsApplication.csproj", "{C24C7B55-DB63-422F-A8CE-CF77D01173DF}"
EndProject
Global
	GlobalSection(SolutionConfigurationPlatforms) = preSolution
		Debug|Any CPU = Debug|Any CPU
		Release|Any CPU = Release|Any CPU
	EndGlobalSection
	GlobalSection(ProjectConfigurationPlatforms) = postSolution
		{ADE80805-9FA7-4F66-8A18-57B98F8C0B0F}.Debug|Any CPU.ActiveCfg = Debug|Any CPU
		{ADE80805-9FA7-4F66-8A18-57B98F8C0B0F}.Debug|Any CPU.Build.0 = Debug|Any CPU
		{ADE80805-9FA7-4F66-8A18-57B98F8C0B0F}.Release|Any CPU.ActiveCfg = Release|Any CPU
		{ADE80805-9FA7-4F66-8A18-57B98F8C0B0F}.Release|Any CPU.Build.0 = Release|Any CPU
		{7873B2B8-01BA-48BC-B4B0-0857FFD873C9}.Debug|Any CPU.ActiveCfg = Debug|Any CPU
		{7873B2B8-01BA-48BC-B4B0-0857FFD873C9}.Debug|Any CPU.Build.0 = Debug|Any CPU
		{7873B2B8-01BA-48BC-B4B0-0857FFD873C9}.Release|Any CPU.ActiveCfg = Release|Any CPU
		{7873B2B8-01BA-48BC-B4B0-0857FFD873C9}.Release|Any CPU.Build.0 = Release|Any CPU
		{4494B79B-588C-41F2-95AD-0897123AF154}.Debug|Any CPU.ActiveCfg = Debug|Any CPU
		{4494B79B-588C-41F2-95AD-0897123AF154}.Debug|Any CPU.Build.0 = Debug|Any CPU
		{4494B79B-588C-41F2-95AD-0897123AF154}.Release|Any CPU.ActiveCfg = Release|Any CPU
		{4494B79B-588C-41F2-95AD-0897123AF154}.Release|Any CPU.Build.0 = Release|Any CPU
		{2F91BD07-2CEE-47FA-8486-457B54612B4C}.Debug|Any CPU.ActiveCfg = Debug|Any CPU
		{2F91BD07-2CEE-47FA-8486-457B54612B4C}.Debug|Any CPU.Build.0 = Debug|Any CPU
		{2F91BD07-2CEE-47FA-8486-457B54612B4C}.Release|Any CPU.ActiveCfg = Release|Any CPU
		{2F91BD07-2CEE-47FA-8486-457B54612B4C}.Release|Any CPU.Build.0 = Release|Any CPU
		{4ABB6715-A66F-482F-BA13-88CDFD33B2C5}.Debug|Any CPU.ActiveCfg = Debug|Any CPU
		{4ABB6715-A66F-482F-BA13-88CDFD33B2C5}.Debug|Any CPU.Build.0 = Debug|Any CPU
		{4ABB6715-A66F-482F-BA13-88CDFD33B2C5}.Release|Any CPU.ActiveCfg = Release|Any CPU
		{4ABB6715-A66F-482F-BA13-88CDFD33B2C5}.Release|Any CPU.Build.0 = Release|Any CPU
		{C24C7B55-DB63-422F-A8CE-CF77D01173DF}.Debug|Any CPU.ActiveCfg = Debug|Any CPU
		{C24C7B55-DB63-422F-A8CE-CF77D01173DF}.Debug|Any CPU.Build.0 = Debug|Any CPU
		{C24C7B55-DB63-422F-A8CE-CF77D01173DF}.Release|Any CPU.ActiveCfg = Release|Any CPU
		{C24C7B55-DB63-422F-A8CE-CF77D01173DF}.Release|Any CPU.Build.0 = Release|Any CPU
	EndGlobalSection
	GlobalSection(SolutionProperties) = preSolution
		HideSolutionNode = FALSE
	EndGlobalSection
	GlobalSection(ExtensibilityGlobals) = postSolution
		SolutionGuid = {6747BB6D-2826-4356-A213-805FBCCF9201}
	EndGlobalSection
EndGlobal
